{
  "version": 4,
  "terraform_version": "0.12.28",
  "serial": 1,
  "lineage": "704eae06-7e89-6f3f-501e-7f5a18bec2e4",
  "outputs": {},
  "resources": [
    {
      "mode": "managed",
      "type": "aws_instance",
      "name": "example",
      "provider": "provider.aws",
      "instances": [
        {
          "schema_version": 0,
          "attributes": {
            "ami": "ami-0c94855ba95c574c8",
            "instance_type": "t2.micro",
            "tags": {
              "Name": "example-instance"
            },
            "availability_zone": "us-west-2a",
            "id": "i-0c618a66bef634653",
            "public_ip": "34.217.105.17"
          }
        }
      ]
    }
  ]
}
